
Microsoft Visual Studio Solution File, Format Version 12.00
# Visual Studio 14
VisualStudioVersion = 14.0.25420.1
MinimumVisualStudioVersion = 10.0.40219.1
Project("{2150E333-8FDC-42A3-9474-1A3956D46DE8}") = "Solution Items", "Solution Items", "{9322C984-E662-4AA2-82D2-39FC654DCBBC}"
	ProjectSection(SolutionItems) = preProject
		global.json = global.json
	EndProjectSection
EndProject
Project("{2150E333-8FDC-42A3-9474-1A3956D46DE8}") = "src", "src", "{248B0792-F135-4B5B-8F2C-0748929DE2AA}"
EndProject
Project("{2150E333-8FDC-42A3-9474-1A3956D46DE8}") = "test", "test", "{ADC75789-B5C5-4C47-9A5C-C0D560D30081}"
EndProject
Project("{8BB2217D-0F2D-49D1-97BC-3654ED321F3B}") = "Sharpen.Unix", "src\Sharpen.Unix\Sharpen.Unix.xproj", "{2AF08775-95CC-495B-AA9D-B82FCC9312BD}"
EndProject
Project("{8BB2217D-0F2D-49D1-97BC-3654ED321F3B}") = "Sharpen", "src\Sharpen\Sharpen.xproj", "{3F567F4E-B448-44CA-9204-80A6196750D6}"
EndProject
Project("{8BB2217D-0F2D-49D1-97BC-3654ED321F3B}") = "NSch", "src\NSch\NSch.xproj", "{F0C55435-45C1-4D50-A355-C445B645FD91}"
EndProject
Project("{8BB2217D-0F2D-49D1-97BC-3654ED321F3B}") = "NGit", "src\NGit\NGit.xproj", "{9637D64D-8740-4641-9781-F013FE92A86A}"
EndProject
Project("{8BB2217D-0F2D-49D1-97BC-3654ED321F3B}") = "Sharpen.Test", "test\Sharpen.Test\Sharpen.Test.xproj", "{6F9A20BA-DFFE-42C8-966E-FA4319891778}"
EndProject
Project("{8BB2217D-0F2D-49D1-97BC-3654ED321F3B}") = "NGit.Test", "test\NGit.Test\NGit.Test.xproj", "{BF3553D6-F231-49FA-A9B7-E4D14E058B18}"
EndProject
Global
	GlobalSection(SolutionConfigurationPlatforms) = preSolution
		Debug|Any CPU = Debug|Any CPU
		Release|Any CPU = Release|Any CPU
	EndGlobalSection
	GlobalSection(ProjectConfigurationPlatforms) = postSolution
		{2AF08775-95CC-495B-AA9D-B82FCC9312BD}.Debug|Any CPU.ActiveCfg = Debug|Any CPU
		{2AF08775-95CC-495B-AA9D-B82FCC9312BD}.Debug|Any CPU.Build.0 = Debug|Any CPU
		{2AF08775-95CC-495B-AA9D-B82FCC9312BD}.Release|Any CPU.ActiveCfg = Release|Any CPU
		{2AF08775-95CC-495B-AA9D-B82FCC9312BD}.Release|Any CPU.Build.0 = Release|Any CPU
		{3F567F4E-B448-44CA-9204-80A6196750D6}.Debug|Any CPU.ActiveCfg = Debug|Any CPU
		{3F567F4E-B448-44CA-9204-80A6196750D6}.Debug|Any CPU.Build.0 = Debug|Any CPU
		{3F567F4E-B448-44CA-9204-80A6196750D6}.Release|Any CPU.ActiveCfg = Release|Any CPU
		{3F567F4E-B448-44CA-9204-80A6196750D6}.Release|Any CPU.Build.0 = Release|Any CPU
		{F0C55435-45C1-4D50-A355-C445B645FD91}.Debug|Any CPU.ActiveCfg = Debug|Any CPU
		{F0C55435-45C1-4D50-A355-C445B645FD91}.Debug|Any CPU.Build.0 = Debug|Any CPU
		{F0C55435-45C1-4D50-A355-C445B645FD91}.Release|Any CPU.ActiveCfg = Release|Any CPU
		{F0C55435-45C1-4D50-A355-C445B645FD91}.Release|Any CPU.Build.0 = Release|Any CPU
		{9637D64D-8740-4641-9781-F013FE92A86A}.Debug|Any CPU.ActiveCfg = Debug|Any CPU
		{9637D64D-8740-4641-9781-F013FE92A86A}.Debug|Any CPU.Build.0 = Debug|Any CPU
		{9637D64D-8740-4641-9781-F013FE92A86A}.Release|Any CPU.ActiveCfg = Release|Any CPU
		{9637D64D-8740-4641-9781-F013FE92A86A}.Release|Any CPU.Build.0 = Release|Any CPU
		{6F9A20BA-DFFE-42C8-966E-FA4319891778}.Debug|Any CPU.ActiveCfg = Debug|Any CPU
		{6F9A20BA-DFFE-42C8-966E-FA4319891778}.Debug|Any CPU.Build.0 = Debug|Any CPU
		{6F9A20BA-DFFE-42C8-966E-FA4319891778}.Release|Any CPU.ActiveCfg = Release|Any CPU
		{6F9A20BA-DFFE-42C8-966E-FA4319891778}.Release|Any CPU.Build.0 = Release|Any CPU
		{BF3553D6-F231-49FA-A9B7-E4D14E058B18}.Debug|Any CPU.ActiveCfg = Debug|Any CPU
		{BF3553D6-F231-49FA-A9B7-E4D14E058B18}.Debug|Any CPU.Build.0 = Debug|Any CPU
		{BF3553D6-F231-49FA-A9B7-E4D14E058B18}.Release|Any CPU.ActiveCfg = Release|Any CPU
		{BF3553D6-F231-49FA-A9B7-E4D14E058B18}.Release|Any CPU.Build.0 = Release|Any CPU
	EndGlobalSection
	GlobalSection(SolutionProperties) = preSolution
		HideSolutionNode = FALSE
	EndGlobalSection
	GlobalSection(NestedProjects) = preSolution
		{2AF08775-95CC-495B-AA9D-B82FCC9312BD} = {248B0792-F135-4B5B-8F2C-0748929DE2AA}
		{3F567F4E-B448-44CA-9204-80A6196750D6} = {248B0792-F135-4B5B-8F2C-0748929DE2AA}
		{F0C55435-45C1-4D50-A355-C445B645FD91} = {248B0792-F135-4B5B-8F2C-0748929DE2AA}
		{9637D64D-8740-4641-9781-F013FE92A86A} = {248B0792-F135-4B5B-8F2C-0748929DE2AA}
		{6F9A20BA-DFFE-42C8-966E-FA4319891778} = {ADC75789-B5C5-4C47-9A5C-C0D560D30081}
		{BF3553D6-F231-49FA-A9B7-E4D14E058B18} = {ADC75789-B5C5-4C47-9A5C-C0D560D30081}
	EndGlobalSection
	GlobalSection(MonoDevelopProperties) = preSolution
		StartupItem = NGit\NGit.csproj
		Policies = $0
		$0.ChangeLogPolicy = $1
		$1.UpdateMode = None
		$1.inheritsSet = Mono
	EndGlobalSection
EndGlobal
